
Microsoft Visual Studio Solution File, Format Version 12.00
# Visual Studio 15
VisualStudioVersion = 15.0.27428.2027
MinimumVisualStudioVersion = 10.0.40219.1
Project("{FAE04EC0-301F-11D3-BF4B-00C04F79EFBC}") = "CodeCounter", "CodeCounter\CodeCounter.csproj", "{176EB5A1-8510-426C-8BD7-5C0A91B39492}"
EndProject
Global
	GlobalSection(SolutionConfigurationPlatforms) = preSolution
		Debug|Any CPU = Debug|Any CPU
		Release|Any CPU = Release|Any CPU
	EndGlobalSection
	GlobalSection(ProjectConfigurationPlatforms) = postSolution
		{176EB5A1-8510-426C-8BD7-5C0A91B39492}.Debug|Any CPU.ActiveCfg = Debug|Any CPU
		{176EB5A1-8510-426C-8BD7-5C0A91B39492}.Debug|Any CPU.Build.0 = Debug|Any CPU
		{176EB5A1-8510-426C-8BD7-5C0A91B39492}.Release|Any CPU.ActiveCfg = Release|Any CPU
		{176EB5A1-8510-426C-8BD7-5C0A91B39492}.Release|Any CPU.Build.0 = Release|Any CPU
	EndGlobalSection
	GlobalSection(SolutionProperties) = preSolution
		HideSolutionNode = FALSE
	EndGlobalSection
	GlobalSection(ExtensibilityGlobals) = postSolution
		SolutionGuid = {732BDB10-C26B-4465-92B9-817842952FD8}
	EndGlobalSection
EndGlobal
